<?xml version="1.0" encoding="utf-8"?>
<Project ToolsVersion="4.0" xmlns="http://schemas.microsoft.com/developer/msbuild/2003">
  <ItemGroup>
    <Filter Include="Source Files">
      <UniqueIdentifier>{4FC737F1-C7A5-4376-A066-2A32D752A2FF}</UniqueIdentifier>
      <Extensions>cpp;c;cc;cxx;def;odl;idl;hpj;bat;asm;asmx</Extensions>
    </Filter>
    <Filter Include="Header Files">
      <UniqueIdentifier>{93995380-89BD-4b04-88EB-625FBE52EBFB}</UniqueIdentifier>
      <Extensions>h;hh;hpp;hxx;hm;inl;inc;xsd</Extensions>
    </Filter>
    <Filter Include="patterns">
      <UniqueIdentifier>{d585b6df-d24d-4e85-ba42-94658a00f974}</UniqueIdentifier>
    </Filter>
  </ItemGroup>
  <ItemGroup>
    <ClCompile Include="main.cpp">
      <Filter>Source Files</Filter>
    </ClCompile>
  </ItemGroup>
  <ItemGroup>
    <ClInclude Include="Timer.h">
      <Filter>Header Files</Filter>
    </ClInclude>
    <ClInclude Include="patterns\learn_more.h">
      <Filter>patterns</Filter>
    </ClInclude>
    <ClInclude Include="patterns\MiKe.h">
      <Filter>patterns</Filter>
    </ClInclude>
    <ClInclude Include="patterns\Trippe.h">
      <Filter>patterns</Filter>
    </ClInclude>
    <ClInclude Include="patterns\DarthTon.h">
      <Filter>patterns</Filter>
    </ClInclude>
    <ClInclude Include="patterns\afffsdd.h">
      <Filter>patterns</Filter>
    </ClInclude>
    <ClInclude Include="patterns\kokole.h">
      <Filter>patterns</Filter>
    </ClInclude>
    <ClInclude Include="Pattern.h">
      <Filter>Header Files</Filter>
    </ClInclude>
    <ClInclude Include="PatternTestBase.h">
      <Filter>Header Files</Filter>
    </ClInclude>
    <ClInclude Include="PatternTestRandomize.h">
      <Filter>Header Files</Filter>
    </ClInclude>
    <ClInclude Include="PatternScanner.h">
      <Filter>Header Files</Filter>
    </ClInclude>
    <ClInclude Include="PatternTestBounds.h">
      <Filter>Header Files</Filter>
    </ClInclude>
    <ClInclude Include="PatternTestCheat.h">
      <Filter>Header Files</Filter>
    </ClInclude>
    <ClInclude Include="PatternTestZeroMem.h">
      <Filter>Header Files</Filter>
    </ClInclude>
    <ClInclude Include="PatternTestBMH.h">
      <Filter>Header Files</Filter>
    </ClInclude>
  </ItemGroup>
</Project>